
Microsoft Visual Studio Solution File, Format Version 12.00
# Visual Studio Version 17
VisualStudioVersion = 17.4.33110.190
MinimumVisualStudioVersion = 10.0.40219.1
Project("{FAE04EC0-301F-11D3-BF4B-00C04F79EFBC}") = "ERP_DONA_NEUSA", "PastelECia\ERP_DONA_NEUSA.csproj", "{F1997E33-190B-433F-B959-741B03F14746}"
EndProject
Project("{54435603-DBB4-11D2-8724-00A0C9A8B90C}") = "InstaladorPastel", "InstaladorPastel\InstaladorPastel.vdproj", "{E7A04CF9-AB9C-4B18-87B2-16FBACF1F240}"
EndProject
Global
	GlobalSection(SolutionConfigurationPlatforms) = preSolution
		Debug|Any CPU = Debug|Any CPU
		Release|Any CPU = Release|Any CPU
	EndGlobalSection
	GlobalSection(ProjectConfigurationPlatforms) = postSolution
		{F1997E33-190B-433F-B959-741B03F14746}.Debug|Any CPU.ActiveCfg = Debug|Any CPU
		{F1997E33-190B-433F-B959-741B03F14746}.Debug|Any CPU.Build.0 = Debug|Any CPU
		{F1997E33-190B-433F-B959-741B03F14746}.Release|Any CPU.ActiveCfg = Release|Any CPU
		{F1997E33-190B-433F-B959-741B03F14746}.Release|Any CPU.Build.0 = Release|Any CPU
		{E7A04CF9-AB9C-4B18-87B2-16FBACF1F240}.Debug|Any CPU.ActiveCfg = Debug
		{E7A04CF9-AB9C-4B18-87B2-16FBACF1F240}.Release|Any CPU.ActiveCfg = Release
	EndGlobalSection
	GlobalSection(SolutionProperties) = preSolution
		HideSolutionNode = FALSE
	EndGlobalSection
	GlobalSection(ExtensibilityGlobals) = postSolution
		SolutionGuid = {8F3A9A76-49A0-4028-AE54-84F9D95ACE99}
	EndGlobalSection
EndGlobal
